
Microsoft Visual Studio Solution File, Format Version 12.00
# Visual Studio Version 16
VisualStudioVersion = 16.0.31205.134
MinimumVisualStudioVersion = 10.0.40219.1
Project("{FAE04EC0-301F-11D3-BF4B-00C04F79EFBC}") = "Init_WinForm", "Init_WinForm.csproj", "{1C947419-B73B-4496-83ED-06C39DEC125E}"
EndProject
Project("{FAE04EC0-301F-11D3-BF4B-00C04F79EFBC}") = "Bonjour", "..\Bonjour\Bonjour.csproj", "{E595D768-4CB2-4399-9E71-BB9978A9B06A}"
EndProject
Project("{FAE04EC0-301F-11D3-BF4B-00C04F79EFBC}") = "P_Devin", "..\P_Devin\P_Devin.csproj", "{06A5A5F8-AC31-437D-95A5-B0F257CA8140}"
EndProject
Global
	GlobalSection(SolutionConfigurationPlatforms) = preSolution
		Debug|Any CPU = Debug|Any CPU
		Release|Any CPU = Release|Any CPU
	EndGlobalSection
	GlobalSection(ProjectConfigurationPlatforms) = postSolution
		{1C947419-B73B-4496-83ED-06C39DEC125E}.Debug|Any CPU.ActiveCfg = Debug|Any CPU
		{1C947419-B73B-4496-83ED-06C39DEC125E}.Debug|Any CPU.Build.0 = Debug|Any CPU
		{1C947419-B73B-4496-83ED-06C39DEC125E}.Release|Any CPU.ActiveCfg = Release|Any CPU
		{1C947419-B73B-4496-83ED-06C39DEC125E}.Release|Any CPU.Build.0 = Release|Any CPU
		{E595D768-4CB2-4399-9E71-BB9978A9B06A}.Debug|Any CPU.ActiveCfg = Debug|Any CPU
		{E595D768-4CB2-4399-9E71-BB9978A9B06A}.Debug|Any CPU.Build.0 = Debug|Any CPU
		{E595D768-4CB2-4399-9E71-BB9978A9B06A}.Release|Any CPU.ActiveCfg = Release|Any CPU
		{E595D768-4CB2-4399-9E71-BB9978A9B06A}.Release|Any CPU.Build.0 = Release|Any CPU
		{06A5A5F8-AC31-437D-95A5-B0F257CA8140}.Debug|Any CPU.ActiveCfg = Debug|Any CPU
		{06A5A5F8-AC31-437D-95A5-B0F257CA8140}.Debug|Any CPU.Build.0 = Debug|Any CPU
		{06A5A5F8-AC31-437D-95A5-B0F257CA8140}.Release|Any CPU.ActiveCfg = Release|Any CPU
		{06A5A5F8-AC31-437D-95A5-B0F257CA8140}.Release|Any CPU.Build.0 = Release|Any CPU
	EndGlobalSection
	GlobalSection(SolutionProperties) = preSolution
		HideSolutionNode = FALSE
	EndGlobalSection
	GlobalSection(ExtensibilityGlobals) = postSolution
		SolutionGuid = {2AE36B0B-4D7D-4931-B1F6-CC53B2DA9CB7}
	EndGlobalSection
EndGlobal
